{
  "name": "create-release",
  "version": "1.0.0",
  "lockfileVersion": 1,
  "requires": true,
  "dependencies": {
    "@actions/core": {
      "version": "1.0.0",
      "resolved": "https://registry.npmjs.org/@actions/core/-/core-1.0.0.tgz",
      "integrity": "sha512-aMIlkx96XH4E/2YZtEOeyrYQfhlas9jIRkfGPqMwXD095Rdkzo4lB6ZmbxPQSzD+e1M+Xsm98ZhuSMYGv/AlqA=="
    },
    "@actions/exec": {
      "version": "1.0.0",
      "resolved": "https://registry.npmjs.org/@actions/exec/-/exec-1.0.0.tgz",
      "integrity": "sha512-nquH0+XKng+Ll7rZfCojN7NWSbnGh+ltwUJhzfbLkmOJgxocGX2/yXcZLMyT9fa7+tByEow/NSTrBExNlEj9fw=="
    },
    "@actions/github": {
      "version": "2.2.0",
      "resolved": "https://registry.npmjs.org/@actions/github/-/github-2.2.0.tgz",
      "integrity": "sha512-9UAZqn8ywdR70n3GwVle4N8ALosQs4z50N7XMXrSTUVOmVpaBC5kE3TRTT7qQdi3OaQV24mjGuJZsHUmhD+ZXw==",
      "requires": {
        "@actions/http-client": "^1.0.3",
        "@octokit/graphql": "^4.3.1",
        "@octokit/rest": "^16.43.1"
      }
    }
}
